
Microsoft Visual Studio Solution File, Format Version 12.00
# Visual Studio Version 16
VisualStudioVersion = 16.0.31019.35
MinimumVisualStudioVersion = 10.0.40219.1
Project("{9A19103F-16F7-4668-BE54-9A1E7A4F7556}") = "MfhSoft.DotNet.Interactive.OpenApi", "src\MfhSoft.DotNet.Interactive.OpenApi\MfhSoft.DotNet.Interactive.OpenApi.csproj", "{6DD007F1-62CD-4D6A-83C2-33E589A2CA03}"
EndProject
Global
	GlobalSection(SolutionConfigurationPlatforms) = preSolution
		Debug|Any CPU = Debug|Any CPU
		Release|Any CPU = Release|Any CPU
	EndGlobalSection
	GlobalSection(ProjectConfigurationPlatforms) = postSolution
		{6DD007F1-62CD-4D6A-83C2-33E589A2CA03}.Debug|Any CPU.ActiveCfg = Debug|Any CPU
		{6DD007F1-62CD-4D6A-83C2-33E589A2CA03}.Debug|Any CPU.Build.0 = Debug|Any CPU
		{6DD007F1-62CD-4D6A-83C2-33E589A2CA03}.Release|Any CPU.ActiveCfg = Release|Any CPU
		{6DD007F1-62CD-4D6A-83C2-33E589A2CA03}.Release|Any CPU.Build.0 = Release|Any CPU
	EndGlobalSection
	GlobalSection(SolutionProperties) = preSolution
		HideSolutionNode = FALSE
	EndGlobalSection
	GlobalSection(ExtensibilityGlobals) = postSolution
		SolutionGuid = {0D4A1C47-CCD7-4DAF-BE37-B775F7DE1525}
	EndGlobalSection
EndGlobal
